
Microsoft Visual Studio Solution File, Format Version 12.00
# Visual Studio 14
VisualStudioVersion = 14.0.24720.0
MinimumVisualStudioVersion = 10.0.40219.1
Project("{FAE04EC0-301F-11D3-BF4B-00C04F79EFBC}") = "dnPE_Example", "dnPE_Example\dnPE_Example.csproj", "{CA106D64-06F7-4C97-A33A-53B76A1A116D}"
EndProject
Project("{FAE04EC0-301F-11D3-BF4B-00C04F79EFBC}") = "dnPE", "dnPE\dnPE.csproj", "{5A5562E0-FCD4-4DCD-8F2E-C2ABBD5AF377}"
EndProject
Global
	GlobalSection(SolutionConfigurationPlatforms) = preSolution
		Debug|Any CPU = Debug|Any CPU
		Release|Any CPU = Release|Any CPU
	EndGlobalSection
	GlobalSection(ProjectConfigurationPlatforms) = postSolution
		{CA106D64-06F7-4C97-A33A-53B76A1A116D}.Debug|Any CPU.ActiveCfg = Debug|Any CPU
		{CA106D64-06F7-4C97-A33A-53B76A1A116D}.Debug|Any CPU.Build.0 = Debug|Any CPU
		{CA106D64-06F7-4C97-A33A-53B76A1A116D}.Release|Any CPU.ActiveCfg = Release|Any CPU
		{CA106D64-06F7-4C97-A33A-53B76A1A116D}.Release|Any CPU.Build.0 = Release|Any CPU
		{5A5562E0-FCD4-4DCD-8F2E-C2ABBD5AF377}.Debug|Any CPU.ActiveCfg = Debug|Any CPU
		{5A5562E0-FCD4-4DCD-8F2E-C2ABBD5AF377}.Debug|Any CPU.Build.0 = Debug|Any CPU
		{5A5562E0-FCD4-4DCD-8F2E-C2ABBD5AF377}.Release|Any CPU.ActiveCfg = Release|Any CPU
		{5A5562E0-FCD4-4DCD-8F2E-C2ABBD5AF377}.Release|Any CPU.Build.0 = Release|Any CPU
	EndGlobalSection
	GlobalSection(SolutionProperties) = preSolution
		HideSolutionNode = FALSE
	EndGlobalSection
EndGlobal
